
Microsoft Visual Studio Solution File, Format Version 12.00
# Visual Studio Version 17
VisualStudioVersion = 17.0.31903.59
MinimumVisualStudioVersion = 10.0.40219.1
Project("{2150E333-8FDC-42A3-9474-1A3956D46DE8}") = "src", "src", "{827E0CD3-B72D-47B6-A68D-7590B98EB39B}"
EndProject
Project("{2150E333-8FDC-42A3-9474-1A3956D46DE8}") = "Domain", "Domain", "{8B290487-4C16-E85E-E807-F579CBE9FC4D}"
	ProjectSection(SolutionItems) = preProject
		Domain.Tests = Domain.Tests
	EndProjectSection
EndProject
Project("{FAE04EC0-301F-11D3-BF4B-00C04F79EFBC}") = "ToursApp.Domain", "src\Domain\ToursApp.Domain.csproj", "{239F5C18-1AFA-4B57-9861-35D22B0B3326}"
EndProject
Project("{2150E333-8FDC-42A3-9474-1A3956D46DE8}") = "Application", "Application", "{22BAF98C-8415-17C4-B26A-D537657BC863}"
EndProject
Project("{FAE04EC0-301F-11D3-BF4B-00C04F79EFBC}") = "ToursApp.Application", "src\Application\ToursApp.Application.csproj", "{00C3844B-D08D-454C-8BD2-3288A67404C8}"
EndProject
Project("{2150E333-8FDC-42A3-9474-1A3956D46DE8}") = "Api", "Api", "{81034408-37C8-1011-444E-4C15C2FADA8E}"
EndProject
Project("{FAE04EC0-301F-11D3-BF4B-00C04F79EFBC}") = "ToursApp.Api", "src\Api\ToursApp.Api.csproj", "{B59C2506-359F-4089-8493-18C0D4E573C7}"
EndProject
Project("{2150E333-8FDC-42A3-9474-1A3956D46DE8}") = "infrastructure", "infrastructure", "{9048EB7F-3875-A59E-E36B-5BD4C6F2A282}"
EndProject
Project("{FAE04EC0-301F-11D3-BF4B-00C04F79EFBC}") = "ToursApp.Infrastructure", "src\infrastructure\ToursApp.Infrastructure.csproj", "{82452245-9881-4D43-9AD8-46EDC22542A9}"
EndProject
Project("{2150E333-8FDC-42A3-9474-1A3956D46DE8}") = "tests", "tests", "{1737130E-F6B0-4104-9915-767354271A43}"
EndProject
Project("{FAE04EC0-301F-11D3-BF4B-00C04F79EFBC}") = "Domain.UnitTests", "src\tests\Domain.UnitTests\Domain.UnitTests.csproj", "{FEE69586-F955-4E5E-AF73-B3A2F0A25B5F}"
EndProject
Project("{FAE04EC0-301F-11D3-BF4B-00C04F79EFBC}") = "Application.UnitTests", "src\tests\Application.UnitTests\Application.UnitTests.csproj", "{CA46AD37-FEB5-4391-A126-FB1A54240C9A}"
EndProject
Project("{FAE04EC0-301F-11D3-BF4B-00C04F79EFBC}") = "API.IntegrationTests", "src\tests\API.IntegrationTests\API.IntegrationTests.csproj", "{35EC864D-8518-4F9D-AD4C-5E8E6AC4AA64}"
EndProject
Global
	GlobalSection(SolutionConfigurationPlatforms) = preSolution
		Debug|Any CPU = Debug|Any CPU
		Debug|x64 = Debug|x64
		Debug|x86 = Debug|x86
		Release|Any CPU = Release|Any CPU
		Release|x64 = Release|x64
		Release|x86 = Release|x86
	EndGlobalSection
	GlobalSection(ProjectConfigurationPlatforms) = postSolution
		{239F5C18-1AFA-4B57-9861-35D22B0B3326}.Debug|Any CPU.ActiveCfg = Debug|Any CPU
		{239F5C18-1AFA-4B57-9861-35D22B0B3326}.Debug|Any CPU.Build.0 = Debug|Any CPU
		{239F5C18-1AFA-4B57-9861-35D22B0B3326}.Debug|x64.ActiveCfg = Debug|Any CPU
		{239F5C18-1AFA-4B57-9861-35D22B0B3326}.Debug|x64.Build.0 = Debug|Any CPU
		{239F5C18-1AFA-4B57-9861-35D22B0B3326}.Debug|x86.ActiveCfg = Debug|Any CPU
		{239F5C18-1AFA-4B57-9861-35D22B0B3326}.Debug|x86.Build.0 = Debug|Any CPU
		{239F5C18-1AFA-4B57-9861-35D22B0B3326}.Release|Any CPU.ActiveCfg = Release|Any CPU
		{239F5C18-1AFA-4B57-9861-35D22B0B3326}.Release|Any CPU.Build.0 = Release|Any CPU
		{239F5C18-1AFA-4B57-9861-35D22B0B3326}.Release|x64.ActiveCfg = Release|Any CPU
		{239F5C18-1AFA-4B57-9861-35D22B0B3326}.Release|x64.Build.0 = Release|Any CPU
		{239F5C18-1AFA-4B57-9861-35D22B0B3326}.Release|x86.ActiveCfg = Release|Any CPU
		{239F5C18-1AFA-4B57-9861-35D22B0B3326}.Release|x86.Build.0 = Release|Any CPU
		{00C3844B-D08D-454C-8BD2-3288A67404C8}.Debug|Any CPU.ActiveCfg = Debug|Any CPU
		{00C3844B-D08D-454C-8BD2-3288A67404C8}.Debug|Any CPU.Build.0 = Debug|Any CPU
		{00C3844B-D08D-454C-8BD2-3288A67404C8}.Debug|x64.ActiveCfg = Debug|Any CPU
		{00C3844B-D08D-454C-8BD2-3288A67404C8}.Debug|x64.Build.0 = Debug|Any CPU
		{00C3844B-D08D-454C-8BD2-3288A67404C8}.Debug|x86.ActiveCfg = Debug|Any CPU
		{00C3844B-D08D-454C-8BD2-3288A67404C8}.Debug|x86.Build.0 = Debug|Any CPU
		{00C3844B-D08D-454C-8BD2-3288A67404C8}.Release|Any CPU.ActiveCfg = Release|Any CPU
		{00C3844B-D08D-454C-8BD2-3288A67404C8}.Release|Any CPU.Build.0 = Release|Any CPU
		{00C3844B-D08D-454C-8BD2-3288A67404C8}.Release|x64.ActiveCfg = Release|Any CPU
		{00C3844B-D08D-454C-8BD2-3288A67404C8}.Release|x64.Build.0 = Release|Any CPU
		{00C3844B-D08D-454C-8BD2-3288A67404C8}.Release|x86.ActiveCfg = Release|Any CPU
		{00C3844B-D08D-454C-8BD2-3288A67404C8}.Release|x86.Build.0 = Release|Any CPU
		{B59C2506-359F-4089-8493-18C0D4E573C7}.Debug|Any CPU.ActiveCfg = Debug|Any CPU
		{B59C2506-359F-4089-8493-18C0D4E573C7}.Debug|Any CPU.Build.0 = Debug|Any CPU
		{B59C2506-359F-4089-8493-18C0D4E573C7}.Debug|x64.ActiveCfg = Debug|Any CPU
		{B59C2506-359F-4089-8493-18C0D4E573C7}.Debug|x64.Build.0 = Debug|Any CPU
		{B59C2506-359F-4089-8493-18C0D4E573C7}.Debug|x86.ActiveCfg = Debug|Any CPU
		{B59C2506-359F-4089-8493-18C0D4E573C7}.Debug|x86.Build.0 = Debug|Any CPU
		{B59C2506-359F-4089-8493-18C0D4E573C7}.Release|Any CPU.ActiveCfg = Release|Any CPU
		{B59C2506-359F-4089-8493-18C0D4E573C7}.Release|Any CPU.Build.0 = Release|Any CPU
		{B59C2506-359F-4089-8493-18C0D4E573C7}.Release|x64.ActiveCfg = Release|Any CPU
		{B59C2506-359F-4089-8493-18C0D4E573C7}.Release|x64.Build.0 = Release|Any CPU
		{B59C2506-359F-4089-8493-18C0D4E573C7}.Release|x86.ActiveCfg = Release|Any CPU
		{B59C2506-359F-4089-8493-18C0D4E573C7}.Release|x86.Build.0 = Release|Any CPU
		{82452245-9881-4D43-9AD8-46EDC22542A9}.Debug|Any CPU.ActiveCfg = Debug|Any CPU
		{82452245-9881-4D43-9AD8-46EDC22542A9}.Debug|Any CPU.Build.0 = Debug|Any CPU
		{82452245-9881-4D43-9AD8-46EDC22542A9}.Debug|x64.ActiveCfg = Debug|Any CPU
		{82452245-9881-4D43-9AD8-46EDC22542A9}.Debug|x64.Build.0 = Debug|Any CPU
		{82452245-9881-4D43-9AD8-46EDC22542A9}.Debug|x86.ActiveCfg = Debug|Any CPU
		{82452245-9881-4D43-9AD8-46EDC22542A9}.Debug|x86.Build.0 = Debug|Any CPU
		{82452245-9881-4D43-9AD8-46EDC22542A9}.Release|Any CPU.ActiveCfg = Release|Any CPU
		{82452245-9881-4D43-9AD8-46EDC22542A9}.Release|Any CPU.Build.0 = Release|Any CPU
		{82452245-9881-4D43-9AD8-46EDC22542A9}.Release|x64.ActiveCfg = Release|Any CPU
		{82452245-9881-4D43-9AD8-46EDC22542A9}.Release|x64.Build.0 = Release|Any CPU
		{82452245-9881-4D43-9AD8-46EDC22542A9}.Release|x86.ActiveCfg = Release|Any CPU
		{82452245-9881-4D43-9AD8-46EDC22542A9}.Release|x86.Build.0 = Release|Any CPU
		{FEE69586-F955-4E5E-AF73-B3A2F0A25B5F}.Debug|Any CPU.ActiveCfg = Debug|Any CPU
		{FEE69586-F955-4E5E-AF73-B3A2F0A25B5F}.Debug|Any CPU.Build.0 = Debug|Any CPU
		{FEE69586-F955-4E5E-AF73-B3A2F0A25B5F}.Debug|x64.ActiveCfg = Debug|Any CPU
		{FEE69586-F955-4E5E-AF73-B3A2F0A25B5F}.Debug|x64.Build.0 = Debug|Any CPU
		{FEE69586-F955-4E5E-AF73-B3A2F0A25B5F}.Debug|x86.ActiveCfg = Debug|Any CPU
		{FEE69586-F955-4E5E-AF73-B3A2F0A25B5F}.Debug|x86.Build.0 = Debug|Any CPU
		{FEE69586-F955-4E5E-AF73-B3A2F0A25B5F}.Release|Any CPU.ActiveCfg = Release|Any CPU
		{FEE69586-F955-4E5E-AF73-B3A2F0A25B5F}.Release|Any CPU.Build.0 = Release|Any CPU
		{FEE69586-F955-4E5E-AF73-B3A2F0A25B5F}.Release|x64.ActiveCfg = Release|Any CPU
		{FEE69586-F955-4E5E-AF73-B3A2F0A25B5F}.Release|x64.Build.0 = Release|Any CPU
		{FEE69586-F955-4E5E-AF73-B3A2F0A25B5F}.Release|x86.ActiveCfg = Release|Any CPU
		{FEE69586-F955-4E5E-AF73-B3A2F0A25B5F}.Release|x86.Build.0 = Release|Any CPU
		{CA46AD37-FEB5-4391-A126-FB1A54240C9A}.Debug|Any CPU.ActiveCfg = Debug|Any CPU
		{CA46AD37-FEB5-4391-A126-FB1A54240C9A}.Debug|Any CPU.Build.0 = Debug|Any CPU
		{CA46AD37-FEB5-4391-A126-FB1A54240C9A}.Debug|x64.ActiveCfg = Debug|Any CPU
		{CA46AD37-FEB5-4391-A126-FB1A54240C9A}.Debug|x64.Build.0 = Debug|Any CPU
		{CA46AD37-FEB5-4391-A126-FB1A54240C9A}.Debug|x86.ActiveCfg = Debug|Any CPU
		{CA46AD37-FEB5-4391-A126-FB1A54240C9A}.Debug|x86.Build.0 = Debug|Any CPU
		{CA46AD37-FEB5-4391-A126-FB1A54240C9A}.Release|Any CPU.ActiveCfg = Release|Any CPU
		{CA46AD37-FEB5-4391-A126-FB1A54240C9A}.Release|Any CPU.Build.0 = Release|Any CPU
		{CA46AD37-FEB5-4391-A126-FB1A54240C9A}.Release|x64.ActiveCfg = Release|Any CPU
		{CA46AD37-FEB5-4391-A126-FB1A54240C9A}.Release|x64.Build.0 = Release|Any CPU
		{CA46AD37-FEB5-4391-A126-FB1A54240C9A}.Release|x86.ActiveCfg = Release|Any CPU
		{CA46AD37-FEB5-4391-A126-FB1A54240C9A}.Release|x86.Build.0 = Release|Any CPU
		{35EC864D-8518-4F9D-AD4C-5E8E6AC4AA64}.Debug|Any CPU.ActiveCfg = Debug|Any CPU
		{35EC864D-8518-4F9D-AD4C-5E8E6AC4AA64}.Debug|Any CPU.Build.0 = Debug|Any CPU
		{35EC864D-8518-4F9D-AD4C-5E8E6AC4AA64}.Debug|x64.ActiveCfg = Debug|Any CPU
		{35EC864D-8518-4F9D-AD4C-5E8E6AC4AA64}.Debug|x64.Build.0 = Debug|Any CPU
		{35EC864D-8518-4F9D-AD4C-5E8E6AC4AA64}.Debug|x86.ActiveCfg = Debug|Any CPU
		{35EC864D-8518-4F9D-AD4C-5E8E6AC4AA64}.Debug|x86.Build.0 = Debug|Any CPU
		{35EC864D-8518-4F9D-AD4C-5E8E6AC4AA64}.Release|Any CPU.ActiveCfg = Release|Any CPU
		{35EC864D-8518-4F9D-AD4C-5E8E6AC4AA64}.Release|Any CPU.Build.0 = Release|Any CPU
		{35EC864D-8518-4F9D-AD4C-5E8E6AC4AA64}.Release|x64.ActiveCfg = Release|Any CPU
		{35EC864D-8518-4F9D-AD4C-5E8E6AC4AA64}.Release|x64.Build.0 = Release|Any CPU
		{35EC864D-8518-4F9D-AD4C-5E8E6AC4AA64}.Release|x86.ActiveCfg = Release|Any CPU
		{35EC864D-8518-4F9D-AD4C-5E8E6AC4AA64}.Release|x86.Build.0 = Release|Any CPU
	EndGlobalSection
	GlobalSection(SolutionProperties) = preSolution
		HideSolutionNode = FALSE
	EndGlobalSection
	GlobalSection(NestedProjects) = preSolution
		{8B290487-4C16-E85E-E807-F579CBE9FC4D} = {827E0CD3-B72D-47B6-A68D-7590B98EB39B}
		{239F5C18-1AFA-4B57-9861-35D22B0B3326} = {8B290487-4C16-E85E-E807-F579CBE9FC4D}
		{22BAF98C-8415-17C4-B26A-D537657BC863} = {827E0CD3-B72D-47B6-A68D-7590B98EB39B}
		{00C3844B-D08D-454C-8BD2-3288A67404C8} = {22BAF98C-8415-17C4-B26A-D537657BC863}
		{81034408-37C8-1011-444E-4C15C2FADA8E} = {827E0CD3-B72D-47B6-A68D-7590B98EB39B}
		{B59C2506-359F-4089-8493-18C0D4E573C7} = {81034408-37C8-1011-444E-4C15C2FADA8E}
		{9048EB7F-3875-A59E-E36B-5BD4C6F2A282} = {827E0CD3-B72D-47B6-A68D-7590B98EB39B}
		{82452245-9881-4D43-9AD8-46EDC22542A9} = {9048EB7F-3875-A59E-E36B-5BD4C6F2A282}
		{1737130E-F6B0-4104-9915-767354271A43} = {827E0CD3-B72D-47B6-A68D-7590B98EB39B}
		{FEE69586-F955-4E5E-AF73-B3A2F0A25B5F} = {1737130E-F6B0-4104-9915-767354271A43}
		{CA46AD37-FEB5-4391-A126-FB1A54240C9A} = {1737130E-F6B0-4104-9915-767354271A43}
		{35EC864D-8518-4F9D-AD4C-5E8E6AC4AA64} = {1737130E-F6B0-4104-9915-767354271A43}
	EndGlobalSection
EndGlobal
